
Microsoft Visual Studio Solution File, Format Version 12.00
# Visual Studio 15
VisualStudioVersion = 15.0.28307.421
MinimumVisualStudioVersion = 10.0.40219.1
Project("{9A19103F-16F7-4668-BE54-9A1E7A4F7556}") = "Gallery", "Gallery\Gallery.csproj", "{A86276CF-1FB0-44E9-BCCE-D0351A2AB04F}"
EndProject
Project("{FAE04EC0-301F-11D3-BF4B-00C04F79EFBC}") = "Domain", "Domain\Domain.csproj", "{3B46AE71-4B75-4E7F-B66C-1BB54D6BC845}"
EndProject
Project("{FAE04EC0-301F-11D3-BF4B-00C04F79EFBC}") = "BLL", "BLL\BLL.csproj", "{40DD044D-014E-423B-AF0D-C42048A08F61}"
EndProject
Global
	GlobalSection(SolutionConfigurationPlatforms) = preSolution
		Debug|Any CPU = Debug|Any CPU
		Release|Any CPU = Release|Any CPU
	EndGlobalSection
	GlobalSection(ProjectConfigurationPlatforms) = postSolution
		{A86276CF-1FB0-44E9-BCCE-D0351A2AB04F}.Debug|Any CPU.ActiveCfg = Debug|Any CPU
		{A86276CF-1FB0-44E9-BCCE-D0351A2AB04F}.Debug|Any CPU.Build.0 = Debug|Any CPU
		{A86276CF-1FB0-44E9-BCCE-D0351A2AB04F}.Release|Any CPU.ActiveCfg = Release|Any CPU
		{A86276CF-1FB0-44E9-BCCE-D0351A2AB04F}.Release|Any CPU.Build.0 = Release|Any CPU
		{3B46AE71-4B75-4E7F-B66C-1BB54D6BC845}.Debug|Any CPU.ActiveCfg = Debug|Any CPU
		{3B46AE71-4B75-4E7F-B66C-1BB54D6BC845}.Debug|Any CPU.Build.0 = Debug|Any CPU
		{3B46AE71-4B75-4E7F-B66C-1BB54D6BC845}.Release|Any CPU.ActiveCfg = Release|Any CPU
		{3B46AE71-4B75-4E7F-B66C-1BB54D6BC845}.Release|Any CPU.Build.0 = Release|Any CPU
		{40DD044D-014E-423B-AF0D-C42048A08F61}.Debug|Any CPU.ActiveCfg = Debug|Any CPU
		{40DD044D-014E-423B-AF0D-C42048A08F61}.Debug|Any CPU.Build.0 = Debug|Any CPU
		{40DD044D-014E-423B-AF0D-C42048A08F61}.Release|Any CPU.ActiveCfg = Release|Any CPU
		{40DD044D-014E-423B-AF0D-C42048A08F61}.Release|Any CPU.Build.0 = Release|Any CPU
	EndGlobalSection
	GlobalSection(SolutionProperties) = preSolution
		HideSolutionNode = FALSE
	EndGlobalSection
	GlobalSection(ExtensibilityGlobals) = postSolution
		SolutionGuid = {EF76A501-2028-4522-8D41-7731A9ECC7A0}
	EndGlobalSection
EndGlobal
